{
  "name": "ng-tui",
  "version": "0.0.1",
  "lockfileVersion": 1,
  "requires": true,
  "dependencies": {
    "@angular/common": {
      "version": "6.0.9",
      "resolved": "http://registry.npm.taobao.org/@angular/common/download/@angular/common-6.0.9.tgz",
      "integrity": "sha1-4S/E6nTNufAHrxCY01c8jVRBaAo=",
      "requires": {
        "tslib": "^1.9.0"
      }
    },
    "@angular/core": {
      "version": "6.0.9",
      "resolved": "http://registry.npm.taobao.org/@angular/core/download/@angular/core-6.0.9.tgz",
      "integrity": "sha1-pozA9d3/pTXfZfPnmLovzW9u7Bs=",
      "requires": {
        "tslib": "^1.9.0"
      }
    },
    "tslib": {
      "version": "1.9.3",
      "resolved": "http://registry.npm.taobao.org/tslib/download/tslib-1.9.3.tgz",
      "integrity": "sha1-1+TdeSRdhUKMTX5IIqeZF5VMooY="
    }
  }
}
